
Microsoft Visual Studio Solution File, Format Version 12.00
# Visual Studio Version 16
VisualStudioVersion = 16.0.31229.75
MinimumVisualStudioVersion = 10.0.40219.1
Project("{9A19103F-16F7-4668-BE54-9A1E7A4F7556}") = "FinancistoAdapter", "src\FinancistoAdapter\FinancistoAdapter.csproj", "{FE43E5E8-6F14-4C89-A337-D938EF1ABC49}"
EndProject
Project("{9A19103F-16F7-4668-BE54-9A1E7A4F7556}") = "Financier.Desktop", "src\Financier.Desktop\Financier.Desktop.csproj", "{4F9A7FD1-3F9E-453C-9B24-2914DB9436C6}"
EndProject
Project("{FAE04EC0-301F-11D3-BF4B-00C04F79EFBC}") = "Financier.DataAccess", "src\Financier.DataAccess\Financier.DataAccess.csproj", "{0CF52D8D-1CAA-4372-BA77-8EBFD58CB724}"
EndProject
Project("{FAE04EC0-301F-11D3-BF4B-00C04F79EFBC}") = "LinqPad", "src\LinqPad\LinqPad.csproj", "{D5BC885D-3B46-4B7E-BE95-480D43F73B4E}"
EndProject
Global
	GlobalSection(SolutionConfigurationPlatforms) = preSolution
		Debug|Any CPU = Debug|Any CPU
		Release|Any CPU = Release|Any CPU
	EndGlobalSection
	GlobalSection(ProjectConfigurationPlatforms) = postSolution
		{FE43E5E8-6F14-4C89-A337-D938EF1ABC49}.Debug|Any CPU.ActiveCfg = Debug|Any CPU
		{FE43E5E8-6F14-4C89-A337-D938EF1ABC49}.Debug|Any CPU.Build.0 = Debug|Any CPU
		{FE43E5E8-6F14-4C89-A337-D938EF1ABC49}.Release|Any CPU.ActiveCfg = Release|Any CPU
		{FE43E5E8-6F14-4C89-A337-D938EF1ABC49}.Release|Any CPU.Build.0 = Release|Any CPU
		{4F9A7FD1-3F9E-453C-9B24-2914DB9436C6}.Debug|Any CPU.ActiveCfg = Debug|Any CPU
		{4F9A7FD1-3F9E-453C-9B24-2914DB9436C6}.Debug|Any CPU.Build.0 = Debug|Any CPU
		{4F9A7FD1-3F9E-453C-9B24-2914DB9436C6}.Release|Any CPU.ActiveCfg = Release|Any CPU
		{4F9A7FD1-3F9E-453C-9B24-2914DB9436C6}.Release|Any CPU.Build.0 = Release|Any CPU
		{0CF52D8D-1CAA-4372-BA77-8EBFD58CB724}.Debug|Any CPU.ActiveCfg = Debug|Any CPU
		{0CF52D8D-1CAA-4372-BA77-8EBFD58CB724}.Debug|Any CPU.Build.0 = Debug|Any CPU
		{0CF52D8D-1CAA-4372-BA77-8EBFD58CB724}.Release|Any CPU.ActiveCfg = Release|Any CPU
		{0CF52D8D-1CAA-4372-BA77-8EBFD58CB724}.Release|Any CPU.Build.0 = Release|Any CPU
		{D5BC885D-3B46-4B7E-BE95-480D43F73B4E}.Debug|Any CPU.ActiveCfg = Debug|Any CPU
		{D5BC885D-3B46-4B7E-BE95-480D43F73B4E}.Debug|Any CPU.Build.0 = Debug|Any CPU
		{D5BC885D-3B46-4B7E-BE95-480D43F73B4E}.Release|Any CPU.ActiveCfg = Release|Any CPU
		{D5BC885D-3B46-4B7E-BE95-480D43F73B4E}.Release|Any CPU.Build.0 = Release|Any CPU
	EndGlobalSection
	GlobalSection(SolutionProperties) = preSolution
		HideSolutionNode = FALSE
	EndGlobalSection
	GlobalSection(ExtensibilityGlobals) = postSolution
		SolutionGuid = {B4AB9519-B4A6-4609-A991-729164B9579C}
	EndGlobalSection
EndGlobal
